// !$*UTF8*$!
{
	archiveVersion = 1;
	classes = {
	};
	objectVersion = 56;
	objects = {

/* Begin PBXBuildFile section */
		7E4B3B3C2A8E77AE0098C1DA /* AppDelegate.swift in Sources */ = {isa = PBXBuildFile; fileRef = 7E4B3B3B2A8E77AE0098C1DA /* AppDelegate.swift */; };
		7E4B3B3E2A8E77AE0098C1DA /* SceneDelegate.swift in Sources */ = {isa = PBXBuildFile; fileRef = 7E4B3B3D2A8E77AE0098C1DA /* SceneDelegate.swift */; };
		7E4B3B402A8E77AE0098C1DA /* ViewController.swift in Sources */ = {isa = PBXBuildFile; fileRef = 7E4B3B3F2A8E77AE0098C1DA /* ViewController.swift */; };
		7E4B3B432A8E77AE0098C1DA /* Main.storyboard in Resources */ = {isa = PBXBuildFile; fileRef = 7E4B3B412A8E77AE0098C1DA /* Main.storyboard */; };
		7E4B3B452A8E77AF0098C1DA /* Assets.xcassets in Resources */ = {isa = PBXBuildFile; fileRef = 7E4B3B442A8E77AF0098C1DA /* Assets.xcassets */; };
		7E4B3B482A8E77AF0098C1DA /* LaunchScreen.storyboard in Resources */ = {isa = PBXBuildFile; fileRef = 7E4B3B462A8E77AF0098C1DA /* LaunchScreen.storyboard */; };
		7E72B38E2A8EB9D7003EF1F2 /* Media.xcassets in Resources */ = {isa = PBXBuildFile; fileRef = 7E72B38D2A8EB9D7003EF1F2 /* Media.xcassets */; };
/* End PBXBuildFile section */

/* Begin PBXFileReference section */
		7E4B3B382A8E77AE0098C1DA /* CodePath PreWork.app */ = {isa = PBXFileReference; explicitFileType = wrapper.application; includeInIndex = 0; path = "CodePath PreWork.app"; sourceTree = BUILT_PRODUCTS_DIR; };
		7E4B3B3B2A8E77AE0098C1DA /* AppDelegate.swift */ = {isa = PBXFileReference; lastKnownFileType = sourcecode.swift; path = AppDelegate.swift; sourceTree = "<group>"; };
		7E4B3B3D2A8E77AE0098C1DA /* SceneDelegate.swift */ = {isa = PBXFileReference; lastKnownFileType = sourcecode.swift; path = SceneDelegate.swift; sourceTree = "<group>"; };
		7E4B3B3F2A8E77AE0098C1DA /* ViewController.swift */ = {isa = PBXFileReference; lastKnownFileType = sourcecode.swift; path = ViewController.swift; sourceTree = "<group>"; };
		7E4B3B422A8E77AE0098C1DA /* Base */ = {isa = PBXFileReference; lastKnownFileType = file.storyboard; name = Base; path = Base.lproj/Main.storyboard; sourceTree = "<group>"; };
		7E4B3B442A8E77AF0098C1DA /* Assets.xcassets */ = {isa = PBXFileReference; lastKnownFileType = folder.assetcatalog; path = Assets.xcassets; sourceTree = "<group>"; };
		7E4B3B472A8E77AF0098C1DA /* Base */ = {isa = PBXFileReference; lastKnownFileType = file.storyboard; name = Base; path = Base.lproj/LaunchScreen.storyboard; sourceTree = "<group>"; };
		7E4B3B492A8E77AF0098C1DA /* Info.plist */ = {isa = PBXFileReference; lastKnownFileType = text.plist.xml; path = Info.plist; sourceTree = "<group>"; };
		7E72B38D2A8EB9D7003EF1F2 /* Media.xcassets */ = {isa = PBXFileReference; lastKnownFileType = folder.assetcatalog; path = Media.xcassets; sourceTree = "<group>"; };
/* End PBXFileReference section */

/* Begin PBXFrameworksBuildPhase section */
		7E4B3B352A8E77AE0098C1DA /* Frameworks */ = {
			isa = PBXFrameworksBuildPhase;
			buildActionMask = 2147483647;
			files = (
			);
			runOnlyForDeploymentPostprocessing = 0;
		};
/* End PBXFrameworksBuildPhase section */

/* Begin PBXGroup section */
		7E4B3B2F2A8E77AE0098C1DA = {
			isa = PBXGroup;
			children = (
				7E4B3B3A2A8E77AE0098C1DA /* CodePath PreWork */,
				7E4B3B392A8E77AE0098C1DA /* Products */,
			);
			sourceTree = "<group>";
		};
		7E4B3B392A8E77AE0098C1DA /* Products */ = {
			isa = PBXGroup;
			children = (
				7E4B3B382A8E77AE0098C1DA /* CodePath PreWork.app */,
			);
			name = Products;
			sourceTree = "<group>";
		};
		7E4B3B3A2A8E77AE0098C1DA /* CodePath PreWork */ = {
			isa = PBXGroup;
			children = (
				7E4B3B3B2A8E77AE0098C1DA /* AppDelegate.swift */,
				7E4B3B3D2A8E77AE0098C1DA /* SceneDelegate.swift */,
				7E4B3B3F2A8E77AE0098C1DA /* ViewController.swift */,
				7E4B3B412A8E77AE0098C1DA /* Main.storyboard */,
				7E4B3B442A8E77AF0098C1DA /* Assets.xcassets */,
				7E72B38D2A8EB9D7003EF1F2 /* Media.xcassets */,
				7E4B3B462A8E77AF0098C1DA /* LaunchScreen.storyboard */,
				7E4B3B492A8E77AF0098C1DA /* Info.plist */,
			);
			path = "CodePath PreWork";
			sourceTree = "<group>";
		};
/* End PBXGroup section */

/* Begin PBXNativeTarget section */
		7E4B3B372A8E77AE0098C1DA /* CodePath PreWork */ = {
			isa = PBXNativeTarget;
			buildConfigurationList = 7E4B3B4C2A8E77AF0098C1DA /* Build configuration list for PBXNativeTarget "CodePath PreWork" */;
			buildPhases = (
				7E4B3B342A8E77AE0098C1DA /* Sources */,
				7E4B3B352A8E77AE0098C1DA /* Frameworks */,
				7E4B3B362A8E77AE0098C1DA /* Resources */,
			);
			buildRules = (
			);
			dependencies = (
			);
			name = "CodePath PreWork";
			productName = "CodePath PreWork";
			productReference = 7E4B3B382A8E77AE0098C1DA /* CodePath PreWork.app */;
			productType = "com.apple.product-type.application";
		};
/* End PBXNativeTarget section */

/* Begin PBXProject section */
		7E4B3B302A8E77AE0098C1DA /* Project object */ = {
			isa = PBXProject;
			attributes = {
				BuildIndependentTargetsInParallel = 1;
				LastSwiftUpdateCheck = 1430;
				LastUpgradeCheck = 1430;
				TargetAttributes = {
					7E4B3B372A8E77AE0098C1DA = {
						CreatedOnToolsVersion = 14.3.1;
					};
				};
			};
			buildConfigurationList = 7E4B3B332A8E77AE0098C1DA /* Build configuration list for PBXProject "CodePath PreWork" */;
			compatibilityVersion = "Xcode 14.0";
			developmentRegion = en;
			hasScannedForEncodings = 0;
			knownRegions = (
				en,
				Base,
			);
			mainGroup = 7E4B3B2F2A8E77AE0098C1DA;
			productRefGroup = 7E4B3B392A8E77AE0098C1DA /* Products */;
			projectDirPath = "";
			projectRoot = "";
			targets = (
				7E4B3B372A8E77AE0098C1DA /* CodePath PreWork */,
			);
		};
/* End PBXProject section */

/* Begin PBXResourcesBuildPhase section */
		7E4B3B362A8E77AE0098C1DA /* Resources */ = {
			isa = PBXResourcesBuildPhase;
			buildActionMask = 2147483647;
			files = (
				7E4B3B482A8E77AF0098C1DA /* LaunchScreen.storyboard in Resources */,
				7E4B3B452A8E77AF0098C1DA /* Assets.xcassets in Resources */,
				7E72B38E2A8EB9D7003EF1F2 /* Media.xcassets in Resources */,
				7E4B3B432A8E77AE0098C1DA /* Main.storyboard in Resources */,
			);
			runOnlyForDeploymentPostprocessing = 0;
		};
/* End PBXResourcesBuildPhase section */

/* Begin PBXSourcesBuildPhase section */
		7E4B3B342A8E77AE0098C1DA /* Sources */ = {
			isa = PBXSourcesBuildPhase;
			buildActionMask = 2147483647;
			files = (
				7E4B3B402A8E77AE0098C1DA /* ViewController.swift in Sources */,
				7E4B3B3C2A8E77AE0098C1DA /* AppDelegate.swift in Sources */,
				7E4B3B3E2A8E77AE0098C1DA /* SceneDelegate.swift in Sources */,
			);
			runOnlyForDeploymentPostprocessing = 0;
		};
/* End PBXSourcesBuildPhase section */

/* Begin PBXVariantGroup section */
		7E4B3B412A8E77AE0098C1DA /* Main.storyboard */ = {
			isa = PBXVariantGroup;
			children = (
				7E4B3B422A8E77AE0098C1DA /* Base */,
			);
			name = Main.storyboard;
			sourceTree = "<group>";
		};
		7E4B3B462A8E77AF0098C1DA /* LaunchScreen.storyboard */ = {
			isa = PBXVariantGroup;
			children = (
				7E4B3B472A8E77AF0098C1DA /* Base */,
			);
			name = LaunchScreen.storyboard;
			sourceTree = "<group>";
		};
/* End PBXVariantGroup section */

/* Begin XCBuildConfiguration section */
		7E4B3B4A2A8E77AF0098C1DA /* Debug */ = {
			isa = XCBuildConfiguration;
			buildSettings = {
				ALWAYS_SEARCH_USER_PATHS = NO;
				CLANG_ANALYZER_NONNULL = YES;
				CLANG_ANALYZER_NUMBER_OBJECT_CONVERSION = YES_AGGRESSIVE;
				CLANG_CXX_LANGUAGE_STANDARD = "gnu++20";
				CLANG_ENABLE_MODULES = YES;
				CLANG_ENABLE_OBJC_ARC = YES;
				CLANG_ENABLE_OBJC_WEAK = YES;
				CLANG_WARN_BLOCK_CAPTURE_AUTORELEASING = YES;
				CLANG_WARN_BOOL_CONVERSION = YES;
				CLANG_WARN_COMMA = YES;
				CLANG_WARN_CONSTANT_CONVERSION = YES;
				CLANG_WARN_DEPRECATED_OBJC_IMPLEMENTATIONS = YES;
				CLANG_WARN_DIRECT_OBJC_ISA_USAGE = YES_ERROR;
				CLANG_WARN_DOCUMENTATION_COMMENTS = YES;
				CLANG_WARN_EMPTY_BODY = YES;
				CLANG_WARN_ENUM_CONVERSION = YES;
				CLANG_WARN_INFINITE_RECURSION = YES;
				CLANG_WARN_INT_CONVERSION = YES;
				CLANG_WARN_NON_LITERAL_NULL_CONVERSION = YES;
				CLANG_WARN_OBJC_IMPLICIT_RETAIN_SELF = YES;
				CLANG_WARN_OBJC_LITERAL_CONVERSION = YES;
				CLANG_WARN_OBJC_ROOT_CLASS = YES_ERROR;
				CLANG_WARN_QUOTED_INCLUDE_IN_FRAMEWORK_HEADER = YES;
				CLANG_WARN_RANGE_LOOP_ANALYSIS = YES;
				CLANG_WARN_STRICT_PROTOTYPES = YES;
				CLANG_WARN_SUSPICIOUS_MOVE = YES;
				CLANG_WARN_UNGUARDED_AVAILABILITY = YES_AGGRESSIVE;
				CLANG_WARN_UNREACHABLE_CODE = YES;
				CLANG_WARN__DUPLICATE_METHOD_MATCH = YES;
				COPY_PHASE_STRIP = NO;
				DEBUG_INFORMATION_FORMAT = dwarf;
				ENABLE_STRICT_OBJC_MSGSEND = YES;
				ENABLE_TESTABILITY = YES;
				GCC_C_LANGUAGE_STANDARD = gnu11;
				GCC_DYNAMIC_NO_PIC = NO;
				GCC_NO_COMMON_BLOCKS = YES;
				GCC_OPTIMIZATION_LEVEL = 0;
				GCC_PREPROCESSOR_DEFINITIONS = (
					"DEBUG=1",
					"$(inherited)",
				);
				GCC_WARN_64_TO_32_BIT_CONVERSION = YES;
				GCC_WARN_ABOUT_RETURN_TYPE = YES_ERROR;
				GCC_WARN_UNDECLARED_SELECTOR = YES;
				GCC_WARN_UNINITIALIZED_AUTOS = YES_AGGRESSIVE;
				GCC_WARN_UNUSED_FUNCTION = YES;
				GCC_WARN_UNUSED_VARIABLE = YES;
				IPHONEOS_DEPLOYMENT_TARGET = 16.4;
				MTL_ENABLE_DEBUG_INFO = INCLUDE_SOURCE;
				MTL_FAST_MATH = YES;
				ONLY_ACTIVE_ARCH = YES;
				SDKROOT = iphoneos;
				SWIFT_ACTIVE_COMPILATION_CONDITIONS = DEBUG;
				SWIFT_OPTIMIZATION_LEVEL = "-Onone";
			};
			name = Debug;
		};
		7E4B3B4B2A8E77AF0098C1DA /* Release */ = {
			isa = XCBuildConfiguration;
			buildSettings = {
				ALWAYS_SEARCH_USER_PATHS = NO;
				CLANG_ANALYZER_NONNULL = YES;
				CLANG_ANALYZER_NUMBER_OBJECT_CONVERSION = YES_AGGRESSIVE;
				CLANG_CXX_LANGUAGE_STANDARD = "gnu++20";
				CLANG_ENABLE_MODULES = YES;
				CLANG_ENABLE_OBJC_ARC = YES;
				CLANG_ENABLE_OBJC_WEAK = YES;
				CLANG_WARN_BLOCK_CAPTURE_AUTORELEASING = YES;
				CLANG_WARN_BOOL_CONVERSION = YES;
				CLANG_WARN_COMMA = YES;
				CLANG_WARN_CONSTANT_CONVERSION = YES;
				CLANG_WARN_DEPRECATED_OBJC_IMPLEMENTATIONS = YES;
				CLANG_WARN_DIRECT_OBJC_ISA_USAGE = YES_ERROR;
				CLANG_WARN_DOCUMENTATION_COMMENTS = YES;
				CLANG_WARN_EMPTY_BODY = YES;
				CLANG_WARN_ENUM_CONVERSION = YES;
				CLANG_WARN_INFINITE_RECURSION = YES;
				CLANG_WARN_INT_CONVERSION = YES;
				CLANG_WARN_NON_LITERAL_NULL_CONVERSION = YES;
				CLANG_WARN_OBJC_IMPLICIT_RETAIN_SELF = YES;
				CLANG_WARN_OBJC_LITERAL_CONVERSION = YES;
				CLANG_WARN_OBJC_ROOT_CLASS = YES_ERROR;
				CLANG_WARN_QUOTED_INCLUDE_IN_FRAMEWORK_HEADER = YES;
				CLANG_WARN_RANGE_LOOP_ANALYSIS = YES;
				CLANG_WARN_STRICT_PROTOTYPES = YES;
				CLANG_WARN_SUSPICIOUS_MOVE = YES;
				CLANG_WARN_UNGUARDED_AVAILABILITY = YES_AGGRESSIVE;
				CLANG_WARN_UNREACHABLE_CODE = YES;
				CLANG_WARN__DUPLICATE_METHOD_MATCH = YES;
				COPY_PHASE_STRIP = NO;
				DEBUG_INFORMATION_FORMAT = "dwarf-with-dsym";
				ENABLE_NS_ASSERTIONS = NO;
				ENABLE_STRICT_OBJC_MSGSEND = YES;
				GCC_C_LANGUAGE_STANDARD = gnu11;
				GCC_NO_COMMON_BLOCKS = YES;
				GCC_WARN_64_TO_32_BIT_CONVERSION = YES;
				GCC_WARN_ABOUT_RETURN_TYPE = YES_ERROR;
				GCC_WARN_UNDECLARED_SELECTOR = YES;
				GCC_WARN_UNINITIALIZED_AUTOS = YES_AGGRESSIVE;
				GCC_WARN_UNUSED_FUNCTION = YES;
				GCC_WARN_UNUSED_VARIABLE = YES;
				IPHONEOS_DEPLOYMENT_TARGET = 16.4;
				MTL_ENABLE_DEBUG_INFO = NO;
				MTL_FAST_MATH = YES;
				SDKROOT = iphoneos;
				SWIFT_COMPILATION_MODE = wholemodule;
				SWIFT_OPTIMIZATION_LEVEL = "-O";
				VALIDATE_PRODUCT = YES;
			};
			name = Release;
		};
		7E4B3B4D2A8E77AF0098C1DA /* Debug */ = {
			isa = XCBuildConfiguration;
			buildSettings = {
				ASSETCATALOG_COMPILER_APPICON_NAME = AppIcon;
				ASSETCATALOG_COMPILER_GLOBAL_ACCENT_COLOR_NAME = AccentColor;
				CODE_SIGN_STYLE = Automatic;
				CURRENT_PROJECT_VERSION = 1;
				DEVELOPMENT_TEAM = ZX2744VCM6;
				GENERATE_INFOPLIST_FILE = YES;
				INFOPLIST_FILE = "CodePath PreWork/Info.plist";
				INFOPLIST_KEY_UIApplicationSupportsIndirectInputEvents = YES;
				INFOPLIST_KEY_UILaunchStoryboardName = LaunchScreen;
				INFOPLIST_KEY_UIMainStoryboardFile = Main;
				INFOPLIST_KEY_UISupportedInterfaceOrientations_iPad = "UIInterfaceOrientationPortrait UIInterfaceOrientationPortraitUpsideDown UIInterfaceOrientationLandscapeLeft UIInterfaceOrientationLandscapeRight";
				INFOPLIST_KEY_UISupportedInterfaceOrientations_iPhone = "UIInterfaceOrientationPortrait UIInterfaceOrientationLandscapeLeft UIInterfaceOrientationLandscapeRight";
				LD_RUNPATH_SEARCH_PATHS = (
					"$(inherited)",
					"@executable_path/Frameworks",
				);
				MARKETING_VERSION = 1.0;
				PRODUCT_BUNDLE_IDENTIFIER = "com.xromeu.CodePath-PreWork";
				PRODUCT_NAME = "$(TARGET_NAME)";
				SWIFT_EMIT_LOC_STRINGS = YES;
				SWIFT_VERSION = 5.0;
				TARGETED_DEVICE_FAMILY = "1,2";
			};
			name = Debug;
		};
		7E4B3B4E2A8E77AF0098C1DA /* Release */ = {
			isa = XCBuildConfiguration;
			buildSettings = {
				ASSETCATALOG_COMPILER_APPICON_NAME = AppIcon;
				ASSETCATALOG_COMPILER_GLOBAL_ACCENT_COLOR_NAME = AccentColor;
				CODE_SIGN_STYLE = Automatic;
				CURRENT_PROJECT_VERSION = 1;
				DEVELOPMENT_TEAM = ZX2744VCM6;
				GENERATE_INFOPLIST_FILE = YES;
				INFOPLIST_FILE = "CodePath PreWork/Info.plist";
				INFOPLIST_KEY_UIApplicationSupportsIndirectInputEvents = YES;
				INFOPLIST_KEY_UILaunchStoryboardName = LaunchScreen;
				INFOPLIST_KEY_UIMainStoryboardFile = Main;
				INFOPLIST_KEY_UISupportedInterfaceOrientations_iPad = "UIInterfaceOrientationPortrait UIInterfaceOrientationPortraitUpsideDown UIInterfaceOrientationLandscapeLeft UIInterfaceOrientationLandscapeRight";
				INFOPLIST_KEY_UISupportedInterfaceOrientations_iPhone = "UIInterfaceOrientationPortrait UIInterfaceOrientationLandscapeLeft UIInterfaceOrientationLandscapeRight";
				LD_RUNPATH_SEARCH_PATHS = (
					"$(inherited)",
					"@executable_path/Frameworks",
				);
				MARKETING_VERSION = 1.0;
				PRODUCT_BUNDLE_IDENTIFIER = "com.xromeu.CodePath-PreWork";
				PRODUCT_NAME = "$(TARGET_NAME)";
				SWIFT_EMIT_LOC_STRINGS = YES;
				SWIFT_VERSION = 5.0;
				TARGETED_DEVICE_FAMILY = "1,2";
			};
			name = Release;
		};
/* End XCBuildConfiguration section */

/* Begin XCConfigurationList section */
		7E4B3B332A8E77AE0098C1DA /* Build configuration list for PBXProject "CodePath PreWork" */ = {
			isa = XCConfigurationList;
			buildConfigurations = (
				7E4B3B4A2A8E77AF0098C1DA /* Debug */,
				7E4B3B4B2A8E77AF0098C1DA /* Release */,
			);
			defaultConfigurationIsVisible = 0;
			defaultConfigurationName = Release;
		};
		7E4B3B4C2A8E77AF0098C1DA /* Build configuration list for PBXNativeTarget "CodePath PreWork" */ = {
			isa = XCConfigurationList;
			buildConfigurations = (
				7E4B3B4D2A8E77AF0098C1DA /* Debug */,
				7E4B3B4E2A8E77AF0098C1DA /* Release */,
			);
			defaultConfigurationIsVisible = 0;
			defaultConfigurationName = Release;
		};
/* End XCConfigurationList section */
	};
	rootObject = 7E4B3B302A8E77AE0098C1DA /* Project object */;
}
